
Microsoft Visual Studio Solution File, Format Version 12.00
# Visual Studio Version 16
VisualStudioVersion = 16.0.31515.178
MinimumVisualStudioVersion = 10.0.40219.1
Project("{FAE04EC0-301F-11D3-BF4B-00C04F79EFBC}") = "EnginDemirogKamp", "EnginDemirogKamp\EnginDemirogKamp.csproj", "{D06EBBC5-DB1B-4D3E-980F-4014F789903B}"
EndProject
Project("{FAE04EC0-301F-11D3-BF4B-00C04F79EFBC}") = "Metotlar", "Metotlar\Metotlar.csproj", "{D0AD7EC6-5419-4158-989C-712E3F40D5E3}"
EndProject
Project("{FAE04EC0-301F-11D3-BF4B-00C04F79EFBC}") = "Matematik", "Matematik\Matematik.csproj", "{104A0C5B-3BC2-4A61-9204-C833E9FC64D6}"
EndProject
Global
	GlobalSection(SolutionConfigurationPlatforms) = preSolution
		Debug|Any CPU = Debug|Any CPU
		Release|Any CPU = Release|Any CPU
	EndGlobalSection
	GlobalSection(ProjectConfigurationPlatforms) = postSolution
		{D06EBBC5-DB1B-4D3E-980F-4014F789903B}.Debug|Any CPU.ActiveCfg = Debug|Any CPU
		{D06EBBC5-DB1B-4D3E-980F-4014F789903B}.Debug|Any CPU.Build.0 = Debug|Any CPU
		{D06EBBC5-DB1B-4D3E-980F-4014F789903B}.Release|Any CPU.ActiveCfg = Release|Any CPU
		{D06EBBC5-DB1B-4D3E-980F-4014F789903B}.Release|Any CPU.Build.0 = Release|Any CPU
		{D0AD7EC6-5419-4158-989C-712E3F40D5E3}.Debug|Any CPU.ActiveCfg = Debug|Any CPU
		{D0AD7EC6-5419-4158-989C-712E3F40D5E3}.Debug|Any CPU.Build.0 = Debug|Any CPU
		{D0AD7EC6-5419-4158-989C-712E3F40D5E3}.Release|Any CPU.ActiveCfg = Release|Any CPU
		{D0AD7EC6-5419-4158-989C-712E3F40D5E3}.Release|Any CPU.Build.0 = Release|Any CPU
		{104A0C5B-3BC2-4A61-9204-C833E9FC64D6}.Debug|Any CPU.ActiveCfg = Debug|Any CPU
		{104A0C5B-3BC2-4A61-9204-C833E9FC64D6}.Debug|Any CPU.Build.0 = Debug|Any CPU
		{104A0C5B-3BC2-4A61-9204-C833E9FC64D6}.Release|Any CPU.ActiveCfg = Release|Any CPU
		{104A0C5B-3BC2-4A61-9204-C833E9FC64D6}.Release|Any CPU.Build.0 = Release|Any CPU
	EndGlobalSection
	GlobalSection(SolutionProperties) = preSolution
		HideSolutionNode = FALSE
	EndGlobalSection
	GlobalSection(ExtensibilityGlobals) = postSolution
		SolutionGuid = {2F6B759B-2BB0-4F2E-9476-5F225F9AED25}
	EndGlobalSection
EndGlobal
