
Microsoft Visual Studio Solution File, Format Version 12.00
# Visual Studio Version 16
VisualStudioVersion = 16.0.31515.178
MinimumVisualStudioVersion = 10.0.40219.1
Project("{9A19103F-16F7-4668-BE54-9A1E7A4F7556}") = "EnginDemirogKamp", "EnginDemirogKamp\EnginDemirogKamp.csproj", "{D06EBBC5-DB1B-4D3E-980F-4014F789903B}"
EndProject
Project("{9A19103F-16F7-4668-BE54-9A1E7A4F7556}") = "Metotlar", "Metotlar\Metotlar.csproj", "{D0AD7EC6-5419-4158-989C-712E3F40D5E3}"
EndProject
Project("{FAE04EC0-301F-11D3-BF4B-00C04F79EFBC}") = "OOP1", "OOP1\OOP1.csproj", "{A0716487-428E-4518-8BCB-A7C9E27FB205}"
EndProject
Project("{FAE04EC0-301F-11D3-BF4B-00C04F79EFBC}") = "Koleksiyonlar", "Koleksiyonlar\Koleksiyonlar.csproj", "{6161C92A-D3B4-4918-8374-1AD80DBB238E}"
EndProject
Project("{FAE04EC0-301F-11D3-BF4B-00C04F79EFBC}") = "GenericsIntro", "GenericsIntro\GenericsIntro.csproj", "{6CDF92B8-18B6-4FDC-9727-0B13BEE20BD1}"
EndProject
Global
	GlobalSection(SolutionConfigurationPlatforms) = preSolution
		Debug|Any CPU = Debug|Any CPU
		Release|Any CPU = Release|Any CPU
	EndGlobalSection
	GlobalSection(ProjectConfigurationPlatforms) = postSolution
		{D06EBBC5-DB1B-4D3E-980F-4014F789903B}.Debug|Any CPU.ActiveCfg = Debug|Any CPU
		{D06EBBC5-DB1B-4D3E-980F-4014F789903B}.Debug|Any CPU.Build.0 = Debug|Any CPU
		{D06EBBC5-DB1B-4D3E-980F-4014F789903B}.Release|Any CPU.ActiveCfg = Release|Any CPU
		{D06EBBC5-DB1B-4D3E-980F-4014F789903B}.Release|Any CPU.Build.0 = Release|Any CPU
		{D0AD7EC6-5419-4158-989C-712E3F40D5E3}.Debug|Any CPU.ActiveCfg = Debug|Any CPU
		{D0AD7EC6-5419-4158-989C-712E3F40D5E3}.Debug|Any CPU.Build.0 = Debug|Any CPU
		{D0AD7EC6-5419-4158-989C-712E3F40D5E3}.Release|Any CPU.ActiveCfg = Release|Any CPU
		{D0AD7EC6-5419-4158-989C-712E3F40D5E3}.Release|Any CPU.Build.0 = Release|Any CPU
		{A0716487-428E-4518-8BCB-A7C9E27FB205}.Debug|Any CPU.ActiveCfg = Debug|Any CPU
		{A0716487-428E-4518-8BCB-A7C9E27FB205}.Debug|Any CPU.Build.0 = Debug|Any CPU
		{A0716487-428E-4518-8BCB-A7C9E27FB205}.Release|Any CPU.ActiveCfg = Release|Any CPU
		{A0716487-428E-4518-8BCB-A7C9E27FB205}.Release|Any CPU.Build.0 = Release|Any CPU
		{6161C92A-D3B4-4918-8374-1AD80DBB238E}.Debug|Any CPU.ActiveCfg = Debug|Any CPU
		{6161C92A-D3B4-4918-8374-1AD80DBB238E}.Debug|Any CPU.Build.0 = Debug|Any CPU
		{6161C92A-D3B4-4918-8374-1AD80DBB238E}.Release|Any CPU.ActiveCfg = Release|Any CPU
		{6161C92A-D3B4-4918-8374-1AD80DBB238E}.Release|Any CPU.Build.0 = Release|Any CPU
		{6CDF92B8-18B6-4FDC-9727-0B13BEE20BD1}.Debug|Any CPU.ActiveCfg = Debug|Any CPU
		{6CDF92B8-18B6-4FDC-9727-0B13BEE20BD1}.Debug|Any CPU.Build.0 = Debug|Any CPU
		{6CDF92B8-18B6-4FDC-9727-0B13BEE20BD1}.Release|Any CPU.ActiveCfg = Release|Any CPU
		{6CDF92B8-18B6-4FDC-9727-0B13BEE20BD1}.Release|Any CPU.Build.0 = Release|Any CPU
	EndGlobalSection
	GlobalSection(SolutionProperties) = preSolution
		HideSolutionNode = FALSE
	EndGlobalSection
	GlobalSection(ExtensibilityGlobals) = postSolution
		SolutionGuid = {2F6B759B-2BB0-4F2E-9476-5F225F9AED25}
	EndGlobalSection
EndGlobal
